
Microsoft Visual Studio Solution File, Format Version 12.00
# Visual Studio Version 16
VisualStudioVersion = 16.0.31624.102
MinimumVisualStudioVersion = 10.0.40219.1
Project("{FAE04EC0-301F-11D3-BF4B-00C04F79EFBC}") = "WeatherApiWPF", "WeatherApiWPF\WeatherApiWPF.csproj", "{A1E7CBD8-3A0F-45BC-B308-1F4F1DA5F34A}"
EndProject
Project("{FAE04EC0-301F-11D3-BF4B-00C04F79EFBC}") = "WeatherLibrary", "WeatherLibrary\WeatherLibrary.csproj", "{9065795B-E41C-4BF4-9721-106FBBDB204D}"
EndProject
Global
	GlobalSection(SolutionConfigurationPlatforms) = preSolution
		Debug|Any CPU = Debug|Any CPU
		Release|Any CPU = Release|Any CPU
	EndGlobalSection
	GlobalSection(ProjectConfigurationPlatforms) = postSolution
		{A1E7CBD8-3A0F-45BC-B308-1F4F1DA5F34A}.Debug|Any CPU.ActiveCfg = Debug|Any CPU
		{A1E7CBD8-3A0F-45BC-B308-1F4F1DA5F34A}.Debug|Any CPU.Build.0 = Debug|Any CPU
		{A1E7CBD8-3A0F-45BC-B308-1F4F1DA5F34A}.Release|Any CPU.ActiveCfg = Release|Any CPU
		{A1E7CBD8-3A0F-45BC-B308-1F4F1DA5F34A}.Release|Any CPU.Build.0 = Release|Any CPU
		{9065795B-E41C-4BF4-9721-106FBBDB204D}.Debug|Any CPU.ActiveCfg = Debug|Any CPU
		{9065795B-E41C-4BF4-9721-106FBBDB204D}.Debug|Any CPU.Build.0 = Debug|Any CPU
		{9065795B-E41C-4BF4-9721-106FBBDB204D}.Release|Any CPU.ActiveCfg = Release|Any CPU
		{9065795B-E41C-4BF4-9721-106FBBDB204D}.Release|Any CPU.Build.0 = Release|Any CPU
	EndGlobalSection
	GlobalSection(SolutionProperties) = preSolution
		HideSolutionNode = FALSE
	EndGlobalSection
	GlobalSection(ExtensibilityGlobals) = postSolution
		SolutionGuid = {C77ACB53-2FDA-42BC-836D-6DF66687C503}
	EndGlobalSection
EndGlobal
